
Microsoft Visual Studio Solution File, Format Version 12.00
# Visual Studio Version 17
VisualStudioVersion = 17.9.34723.18
MinimumVisualStudioVersion = 10.0.40219.1
Project("{FAE04EC0-301F-11D3-BF4B-00C04F79EFBC}") = "HelloWorld", "HelloWorld\HelloWorld.csproj", "{7F353E72-7426-4E52-904B-C41021495674}"
EndProject
Global
	GlobalSection(SolutionConfigurationPlatforms) = preSolution
		Debug|Any CPU = Debug|Any CPU
		Release|Any CPU = Release|Any CPU
	EndGlobalSection
	GlobalSection(ProjectConfigurationPlatforms) = postSolution
		{7F353E72-7426-4E52-904B-C41021495674}.Debug|Any CPU.ActiveCfg = Debug|Any CPU
		{7F353E72-7426-4E52-904B-C41021495674}.Debug|Any CPU.Build.0 = Debug|Any CPU
		{7F353E72-7426-4E52-904B-C41021495674}.Release|Any CPU.ActiveCfg = Release|Any CPU
		{7F353E72-7426-4E52-904B-C41021495674}.Release|Any CPU.Build.0 = Release|Any CPU
	EndGlobalSection
	GlobalSection(SolutionProperties) = preSolution
		HideSolutionNode = FALSE
	EndGlobalSection
	GlobalSection(ExtensibilityGlobals) = postSolution
		SolutionGuid = {863383E5-A3A0-42C1-A8F9-33F3E62FA611}
	EndGlobalSection
EndGlobal
